{
  "requires": true,
  "lockfileVersion": 1,
  "dependencies": {
    "@auth0/auth0-react": {
      "version": "1.10.2",
      "resolved": "https://registry.npmjs.org/@auth0/auth0-react/-/auth0-react-1.10.2.tgz",
      "integrity": "sha512-s622ac/gLZ9pUX7d5dOhRggF4VI3MaLLCPVBFR5CKOGcPtPG80/4w2jMoBQtRRn6uKS6IVMWAUAFKWB7yATAoQ==",
      "requires": {
        "@auth0/auth0-spa-js": "^1.22.0"
      }
    },
    "@auth0/auth0-spa-js": {
      "version": "1.22.4",
      "resolved": "https://registry.npmjs.org/@auth0/auth0-spa-js/-/auth0-spa-js-1.22.4.tgz",
      "integrity": "sha512-iOboSV+aUsExV1onKvGKEqi626sjJt+61c3EvA4mkn9RM7RV9RMjPI+cInNFHWjwAd2Sdi3LqBj6/MfcHh69dg==",
      "requires": {
        "abortcontroller-polyfill": "^1.7.3",
        "browser-tabs-lock": "^1.2.15",
        "core-js": "^3.24.0",
        "es-cookie": "~1.3.2",
        "fast-text-encoding": "^1.0.4",
        "promise-polyfill": "^8.2.3",
        "unfetch": "^4.2.0"
      }
    },
    "abortcontroller-polyfill": {
      "version": "1.7.3",
      "resolved": "https://registry.npmjs.org/abortcontroller-polyfill/-/abortcontroller-polyfill-1.7.3.tgz",
      "integrity": "sha512-zetDJxd89y3X99Kvo4qFx8GKlt6GsvN3UcRZHwU6iFA/0KiOmhkTVhe8oRoTBiTVPZu09x3vCra47+w8Yz1+2Q=="
    },
    "browser-tabs-lock": {
      "version": "1.2.15",
      "resolved": "https://registry.npmjs.org/browser-tabs-lock/-/browser-tabs-lock-1.2.15.tgz",
      "integrity": "sha512-J8K9vdivK0Di+b8SBdE7EZxDr88TnATing7XoLw6+nFkXMQ6sVBh92K3NQvZlZU91AIkFRi0w3sztk5Z+vsswA==",
      "requires": {
        "lodash": ">=4.17.21"
      }
    },
    "core-js": {
      "version": "3.25.1",
      "resolved": "https://registry.npmjs.org/core-js/-/core-js-3.25.1.tgz",
      "integrity": "sha512-sr0FY4lnO1hkQ4gLDr24K0DGnweGO1QwSj5BpfQjpSJPdqWalja4cTps29Y/PJVG/P7FYlPDkH3hO+Tr0CvDgQ=="
    },
    "es-cookie": {
      "version": "1.3.2",
      "resolved": "https://registry.npmjs.org/es-cookie/-/es-cookie-1.3.2.tgz",
      "integrity": "sha512-UTlYYhXGLOy05P/vKVT2Ui7WtC7NiRzGtJyAKKn32g5Gvcjn7KAClLPWlipCtxIus934dFg9o9jXiBL0nP+t9Q=="
    },
    "fast-text-encoding": {
      "version": "1.0.6",
      "resolved": "https://registry.npmjs.org/fast-text-encoding/-/fast-text-encoding-1.0.6.tgz",
      "integrity": "sha512-VhXlQgj9ioXCqGstD37E/HBeqEGV/qOD/kmbVG8h5xKBYvM1L3lR1Zn4555cQ8GkYbJa8aJSipLPndE1k6zK2w=="
    },
    "lodash": {
      "version": "4.17.21",
      "resolved": "https://registry.npmjs.org/lodash/-/lodash-4.17.21.tgz",
      "integrity": "sha512-v2kDEe57lecTulaDIuNTPy3Ry4gLGJ6Z1O3vE1krgXZNrsQ+LFTGHVxVjcXPs17LhbZVGedAJv8XZ1tvj5FvSg=="
    },
    "promise-polyfill": {
      "version": "8.2.3",
      "resolved": "https://registry.npmjs.org/promise-polyfill/-/promise-polyfill-8.2.3.tgz",
      "integrity": "sha512-Og0+jCRQetV84U8wVjMNccfGCnMQ9mGs9Hv78QFe+pSDD3gWTpz0y+1QCuxy5d/vBFuZ3iwP2eycAkvqIMPmWg=="
    },
    "unfetch": {
      "version": "4.2.0",
      "resolved": "https://registry.npmjs.org/unfetch/-/unfetch-4.2.0.tgz",
      "integrity": "sha512-F9p7yYCn6cIW9El1zi0HI6vqpeIvBsr3dSuRO6Xuppb1u5rXpCPmMvLSyECLhybr9isec8Ohl0hPekMVrEinDA=="
    }
  }
}
