
Microsoft Visual Studio Solution File, Format Version 12.00
# Visual Studio Version 17
VisualStudioVersion = 17.3.32901.215
MinimumVisualStudioVersion = 10.0.40219.1
Project("{9A19103F-16F7-4668-BE54-9A1E7A4F7556}") = "Dev-Code-TrucoApp", "Dev-Code-TrucoApp.csproj", "{C8FFB04E-781F-44B4-92CB-EDAFDDA102C6}"
EndProject
Global
	GlobalSection(SolutionConfigurationPlatforms) = preSolution
		Debug|Any CPU = Debug|Any CPU
		Release|Any CPU = Release|Any CPU
	EndGlobalSection
	GlobalSection(ProjectConfigurationPlatforms) = postSolution
		{C8FFB04E-781F-44B4-92CB-EDAFDDA102C6}.Debug|Any CPU.ActiveCfg = Debug|Any CPU
		{C8FFB04E-781F-44B4-92CB-EDAFDDA102C6}.Debug|Any CPU.Build.0 = Debug|Any CPU
		{C8FFB04E-781F-44B4-92CB-EDAFDDA102C6}.Release|Any CPU.ActiveCfg = Release|Any CPU
		{C8FFB04E-781F-44B4-92CB-EDAFDDA102C6}.Release|Any CPU.Build.0 = Release|Any CPU
	EndGlobalSection
	GlobalSection(SolutionProperties) = preSolution
		HideSolutionNode = FALSE
	EndGlobalSection
	GlobalSection(ExtensibilityGlobals) = postSolution
		SolutionGuid = {6CF30242-FEF2-4F8B-9B59-F8A7EE5B912F}
	EndGlobalSection
EndGlobal
